
Microsoft Visual Studio Solution File, Format Version 12.00
Project("{FAE04EC0-301F-11D3-BF4B-00C04F79EFBC}") = "Todo", "src\Todo\Todo.csproj", "{A47F230F-65F4-4012-BF51-3E1210CC4475}"
EndProject
Project("{FAE04EC0-301F-11D3-BF4B-00C04F79EFBC}") = "Todo.Api", "src\Todo.Api\Todo.Api.csproj", "{215A6058-1375-48DD-86A4-4BC7776C3AD2}"
EndProject
Project("{FAE04EC0-301F-11D3-BF4B-00C04F79EFBC}") = "Todo.Data", "src\Todo.Data\Todo.Data.csproj", "{6B31C018-3F09-4A8B-8DE0-73353D073504}"
EndProject
Global
	GlobalSection(SolutionConfigurationPlatforms) = preSolution
		Debug|Any CPU = Debug|Any CPU
		Release|Any CPU = Release|Any CPU
	EndGlobalSection
	GlobalSection(ProjectConfigurationPlatforms) = postSolution
		{A47F230F-65F4-4012-BF51-3E1210CC4475}.Debug|Any CPU.ActiveCfg = Debug|Any CPU
		{A47F230F-65F4-4012-BF51-3E1210CC4475}.Debug|Any CPU.Build.0 = Debug|Any CPU
		{A47F230F-65F4-4012-BF51-3E1210CC4475}.Release|Any CPU.ActiveCfg = Release|Any CPU
		{A47F230F-65F4-4012-BF51-3E1210CC4475}.Release|Any CPU.Build.0 = Release|Any CPU
		{215A6058-1375-48DD-86A4-4BC7776C3AD2}.Debug|Any CPU.ActiveCfg = Debug|Any CPU
		{215A6058-1375-48DD-86A4-4BC7776C3AD2}.Debug|Any CPU.Build.0 = Debug|Any CPU
		{215A6058-1375-48DD-86A4-4BC7776C3AD2}.Release|Any CPU.ActiveCfg = Release|Any CPU
		{215A6058-1375-48DD-86A4-4BC7776C3AD2}.Release|Any CPU.Build.0 = Release|Any CPU
		{6B31C018-3F09-4A8B-8DE0-73353D073504}.Debug|Any CPU.ActiveCfg = Debug|Any CPU
		{6B31C018-3F09-4A8B-8DE0-73353D073504}.Debug|Any CPU.Build.0 = Debug|Any CPU
		{6B31C018-3F09-4A8B-8DE0-73353D073504}.Release|Any CPU.ActiveCfg = Release|Any CPU
		{6B31C018-3F09-4A8B-8DE0-73353D073504}.Release|Any CPU.Build.0 = Release|Any CPU
	EndGlobalSection
EndGlobal
